{
  "meteor": {},
  "dependencies": {
    "basePackages": {
      "leaflet": {},
      "font-awesome": {}
    },
    "packages": {
      "leaflet": {
        "git": "https://github.com/bevanhunt/meteor-leaflet.git",
        "tag": "v0.3.3",
        "commit": "cf884e462cae08eb3ec777421fa4c74d4850b88a"
      },
      "font-awesome": {
        "git": "https://github.com/nate-strauser/meteor-font-awesome.git",
        "tag": "v4.0.3",
        "commit": "61e9361384347547ae144f8228faa4deffda23db"
      }
    }
  }
}
